
Microsoft Visual Studio Solution File, Format Version 11.00
# Visual Studio 2010
Project("{FAE04EC0-301F-11D3-BF4B-00C04F79EFBC}") = "Assembly-CSharp", "Assembly-CSharp.csproj", "{8bc7ffec-0487-dfab-d097-4b41838a120c}"
EndProject
Global
	GlobalSection(SolutionConfigurationPlatforms) = preSolution
		Debug|Any CPU = Debug|Any CPU
		Release|Any CPU = Release|Any CPU
	EndGlobalSection
	GlobalSection(ProjectConfigurationPlatforms) = postSolution
		{8bc7ffec-0487-dfab-d097-4b41838a120c}.Debug|Any CPU.ActiveCfg = Debug|Any CPU
		{8bc7ffec-0487-dfab-d097-4b41838a120c}.Debug|Any CPU.Build.0 = Debug|Any CPU
		{8bc7ffec-0487-dfab-d097-4b41838a120c}.Release|Any CPU.ActiveCfg = Release|Any CPU
		{8bc7ffec-0487-dfab-d097-4b41838a120c}.Release|Any CPU.Build.0 = Release|Any CPU
	EndGlobalSection
	GlobalSection(SolutionProperties) = preSolution
		HideSolutionNode = FALSE
	EndGlobalSection
EndGlobal
